
Microsoft Visual Studio Solution File, Format Version 12.00
# Visual Studio Version 17
VisualStudioVersion = 17.0.0.0
MinimumVisualStudioVersion = 10.0.40219.1
Project("{2150E333-8FDC-42A3-9474-1A3956D46DE8}") = "libs", "libs", "{10000000-0000-0000-0000-000000000001}"
EndProject
Project("{2150E333-8FDC-42A3-9474-1A3956D46DE8}") = "host", "host", "{10000000-0000-0000-0000-000000000002}"
EndProject
Project("{2150E333-8FDC-42A3-9474-1A3956D46DE8}") = "modules", "modules", "{10000000-0000-0000-0000-000000000003}"
EndProject
Project("{2150E333-8FDC-42A3-9474-1A3956D46DE8}") = "identity", "identity", "{10000000-0000-0000-0000-000000000004}"
EndProject
Project("{2150E333-8FDC-42A3-9474-1A3956D46DE8}") = "academic", "academic", "{10000000-0000-0000-0000-000000000005}"
EndProject
Project("{2150E333-8FDC-42A3-9474-1A3956D46DE8}") = "enrollments", "enrollments", "{10000000-0000-0000-0000-000000000006}"
EndProject
Project("{2150E333-8FDC-42A3-9474-1A3956D46DE8}") = "reviews", "reviews", "{10000000-0000-0000-0000-000000000007}"
EndProject
Project("{2150E333-8FDC-42A3-9474-1A3956D46DE8}") = "moderation", "moderation", "{10000000-0000-0000-0000-000000000008}"
EndProject
Project("{2150E333-8FDC-42A3-9474-1A3956D46DE8}") = "tests", "tests", "{10000000-0000-0000-0000-000000000009}"
EndProject
Project("{FAE04EC0-301F-11D3-BF4B-00C04F79EFBC}") = "Planb.SharedKernel", "libs\shared-kernel\src\Planb.SharedKernel\Planb.SharedKernel.csproj", "{20000000-0000-0000-0000-000000000001}"
EndProject
Project("{FAE04EC0-301F-11D3-BF4B-00C04F79EFBC}") = "Planb.SharedKernel.Tests", "libs\shared-kernel\tests\Planb.SharedKernel.Tests\Planb.SharedKernel.Tests.csproj", "{20000000-0000-0000-0000-000000000002}"
EndProject
Project("{FAE04EC0-301F-11D3-BF4B-00C04F79EFBC}") = "Planb.Api", "host\Planb.Api\Planb.Api.csproj", "{20000000-0000-0000-0000-000000000003}"
EndProject
Project("{FAE04EC0-301F-11D3-BF4B-00C04F79EFBC}") = "Planb.IntegrationTests", "tests\Planb.IntegrationTests\Planb.IntegrationTests.csproj", "{20000000-0000-0000-0000-000000000004}"
EndProject
Project("{FAE04EC0-301F-11D3-BF4B-00C04F79EFBC}") = "Planb.Identity.Domain", "modules\identity\src\Planb.Identity.Domain\Planb.Identity.Domain.csproj", "{21000000-0000-0000-0000-000000000001}"
EndProject
Project("{FAE04EC0-301F-11D3-BF4B-00C04F79EFBC}") = "Planb.Identity.Application", "modules\identity\src\Planb.Identity.Application\Planb.Identity.Application.csproj", "{21000000-0000-0000-0000-000000000002}"
EndProject
Project("{FAE04EC0-301F-11D3-BF4B-00C04F79EFBC}") = "Planb.Identity.Infrastructure", "modules\identity\src\Planb.Identity.Infrastructure\Planb.Identity.Infrastructure.csproj", "{21000000-0000-0000-0000-000000000003}"
EndProject
Project("{FAE04EC0-301F-11D3-BF4B-00C04F79EFBC}") = "Planb.Identity.Tests", "modules\identity\tests\Planb.Identity.Tests\Planb.Identity.Tests.csproj", "{21000000-0000-0000-0000-000000000004}"
EndProject
Project("{FAE04EC0-301F-11D3-BF4B-00C04F79EFBC}") = "Planb.Academic.Domain", "modules\academic\src\Planb.Academic.Domain\Planb.Academic.Domain.csproj", "{22000000-0000-0000-0000-000000000001}"
EndProject
Project("{FAE04EC0-301F-11D3-BF4B-00C04F79EFBC}") = "Planb.Academic.Application", "modules\academic\src\Planb.Academic.Application\Planb.Academic.Application.csproj", "{22000000-0000-0000-0000-000000000002}"
EndProject
Project("{FAE04EC0-301F-11D3-BF4B-00C04F79EFBC}") = "Planb.Academic.Infrastructure", "modules\academic\src\Planb.Academic.Infrastructure\Planb.Academic.Infrastructure.csproj", "{22000000-0000-0000-0000-000000000003}"
EndProject
Project("{FAE04EC0-301F-11D3-BF4B-00C04F79EFBC}") = "Planb.Academic.Tests", "modules\academic\tests\Planb.Academic.Tests\Planb.Academic.Tests.csproj", "{22000000-0000-0000-0000-000000000004}"
EndProject
Project("{FAE04EC0-301F-11D3-BF4B-00C04F79EFBC}") = "Planb.Enrollments.Domain", "modules\enrollments\src\Planb.Enrollments.Domain\Planb.Enrollments.Domain.csproj", "{23000000-0000-0000-0000-000000000001}"
EndProject
Project("{FAE04EC0-301F-11D3-BF4B-00C04F79EFBC}") = "Planb.Enrollments.Application", "modules\enrollments\src\Planb.Enrollments.Application\Planb.Enrollments.Application.csproj", "{23000000-0000-0000-0000-000000000002}"
EndProject
Project("{FAE04EC0-301F-11D3-BF4B-00C04F79EFBC}") = "Planb.Enrollments.Infrastructure", "modules\enrollments\src\Planb.Enrollments.Infrastructure\Planb.Enrollments.Infrastructure.csproj", "{23000000-0000-0000-0000-000000000003}"
EndProject
Project("{FAE04EC0-301F-11D3-BF4B-00C04F79EFBC}") = "Planb.Enrollments.Tests", "modules\enrollments\tests\Planb.Enrollments.Tests\Planb.Enrollments.Tests.csproj", "{23000000-0000-0000-0000-000000000004}"
EndProject
Project("{FAE04EC0-301F-11D3-BF4B-00C04F79EFBC}") = "Planb.Reviews.Domain", "modules\reviews\src\Planb.Reviews.Domain\Planb.Reviews.Domain.csproj", "{24000000-0000-0000-0000-000000000001}"
EndProject
Project("{FAE04EC0-301F-11D3-BF4B-00C04F79EFBC}") = "Planb.Reviews.Application", "modules\reviews\src\Planb.Reviews.Application\Planb.Reviews.Application.csproj", "{24000000-0000-0000-0000-000000000002}"
EndProject
Project("{FAE04EC0-301F-11D3-BF4B-00C04F79EFBC}") = "Planb.Reviews.Infrastructure", "modules\reviews\src\Planb.Reviews.Infrastructure\Planb.Reviews.Infrastructure.csproj", "{24000000-0000-0000-0000-000000000003}"
EndProject
Project("{FAE04EC0-301F-11D3-BF4B-00C04F79EFBC}") = "Planb.Reviews.Tests", "modules\reviews\tests\Planb.Reviews.Tests\Planb.Reviews.Tests.csproj", "{24000000-0000-0000-0000-000000000004}"
EndProject
Project("{FAE04EC0-301F-11D3-BF4B-00C04F79EFBC}") = "Planb.Moderation.Domain", "modules\moderation\src\Planb.Moderation.Domain\Planb.Moderation.Domain.csproj", "{25000000-0000-0000-0000-000000000001}"
EndProject
Project("{FAE04EC0-301F-11D3-BF4B-00C04F79EFBC}") = "Planb.Moderation.Application", "modules\moderation\src\Planb.Moderation.Application\Planb.Moderation.Application.csproj", "{25000000-0000-0000-0000-000000000002}"
EndProject
Project("{FAE04EC0-301F-11D3-BF4B-00C04F79EFBC}") = "Planb.Moderation.Infrastructure", "modules\moderation\src\Planb.Moderation.Infrastructure\Planb.Moderation.Infrastructure.csproj", "{25000000-0000-0000-0000-000000000003}"
EndProject
Project("{FAE04EC0-301F-11D3-BF4B-00C04F79EFBC}") = "Planb.Moderation.Tests", "modules\moderation\tests\Planb.Moderation.Tests\Planb.Moderation.Tests.csproj", "{25000000-0000-0000-0000-000000000004}"
EndProject
Global
	GlobalSection(SolutionConfigurationPlatforms) = preSolution
		Debug|Any CPU = Debug|Any CPU
		Release|Any CPU = Release|Any CPU
	EndGlobalSection
	GlobalSection(ProjectConfigurationPlatforms) = postSolution
		{20000000-0000-0000-0000-000000000001}.Debug|Any CPU.ActiveCfg = Debug|Any CPU
		{20000000-0000-0000-0000-000000000001}.Debug|Any CPU.Build.0 = Debug|Any CPU
		{20000000-0000-0000-0000-000000000001}.Release|Any CPU.ActiveCfg = Release|Any CPU
		{20000000-0000-0000-0000-000000000001}.Release|Any CPU.Build.0 = Release|Any CPU
		{20000000-0000-0000-0000-000000000002}.Debug|Any CPU.ActiveCfg = Debug|Any CPU
		{20000000-0000-0000-0000-000000000002}.Debug|Any CPU.Build.0 = Debug|Any CPU
		{20000000-0000-0000-0000-000000000002}.Release|Any CPU.ActiveCfg = Release|Any CPU
		{20000000-0000-0000-0000-000000000002}.Release|Any CPU.Build.0 = Release|Any CPU
		{20000000-0000-0000-0000-000000000003}.Debug|Any CPU.ActiveCfg = Debug|Any CPU
		{20000000-0000-0000-0000-000000000003}.Debug|Any CPU.Build.0 = Debug|Any CPU
		{20000000-0000-0000-0000-000000000003}.Release|Any CPU.ActiveCfg = Release|Any CPU
		{20000000-0000-0000-0000-000000000003}.Release|Any CPU.Build.0 = Release|Any CPU
		{20000000-0000-0000-0000-000000000004}.Debug|Any CPU.ActiveCfg = Debug|Any CPU
		{20000000-0000-0000-0000-000000000004}.Debug|Any CPU.Build.0 = Debug|Any CPU
		{20000000-0000-0000-0000-000000000004}.Release|Any CPU.ActiveCfg = Release|Any CPU
		{20000000-0000-0000-0000-000000000004}.Release|Any CPU.Build.0 = Release|Any CPU
		{21000000-0000-0000-0000-000000000001}.Debug|Any CPU.ActiveCfg = Debug|Any CPU
		{21000000-0000-0000-0000-000000000001}.Debug|Any CPU.Build.0 = Debug|Any CPU
		{21000000-0000-0000-0000-000000000001}.Release|Any CPU.ActiveCfg = Release|Any CPU
		{21000000-0000-0000-0000-000000000001}.Release|Any CPU.Build.0 = Release|Any CPU
		{21000000-0000-0000-0000-000000000002}.Debug|Any CPU.ActiveCfg = Debug|Any CPU
		{21000000-0000-0000-0000-000000000002}.Debug|Any CPU.Build.0 = Debug|Any CPU
		{21000000-0000-0000-0000-000000000002}.Release|Any CPU.ActiveCfg = Release|Any CPU
		{21000000-0000-0000-0000-000000000002}.Release|Any CPU.Build.0 = Release|Any CPU
		{21000000-0000-0000-0000-000000000003}.Debug|Any CPU.ActiveCfg = Debug|Any CPU
		{21000000-0000-0000-0000-000000000003}.Debug|Any CPU.Build.0 = Debug|Any CPU
		{21000000-0000-0000-0000-000000000003}.Release|Any CPU.ActiveCfg = Release|Any CPU
		{21000000-0000-0000-0000-000000000003}.Release|Any CPU.Build.0 = Release|Any CPU
		{21000000-0000-0000-0000-000000000004}.Debug|Any CPU.ActiveCfg = Debug|Any CPU
		{21000000-0000-0000-0000-000000000004}.Debug|Any CPU.Build.0 = Debug|Any CPU
		{21000000-0000-0000-0000-000000000004}.Release|Any CPU.ActiveCfg = Release|Any CPU
		{21000000-0000-0000-0000-000000000004}.Release|Any CPU.Build.0 = Release|Any CPU
		{22000000-0000-0000-0000-000000000001}.Debug|Any CPU.ActiveCfg = Debug|Any CPU
		{22000000-0000-0000-0000-000000000001}.Debug|Any CPU.Build.0 = Debug|Any CPU
		{22000000-0000-0000-0000-000000000001}.Release|Any CPU.ActiveCfg = Release|Any CPU
		{22000000-0000-0000-0000-000000000001}.Release|Any CPU.Build.0 = Release|Any CPU
		{22000000-0000-0000-0000-000000000002}.Debug|Any CPU.ActiveCfg = Debug|Any CPU
		{22000000-0000-0000-0000-000000000002}.Debug|Any CPU.Build.0 = Debug|Any CPU
		{22000000-0000-0000-0000-000000000002}.Release|Any CPU.ActiveCfg = Release|Any CPU
		{22000000-0000-0000-0000-000000000002}.Release|Any CPU.Build.0 = Release|Any CPU
		{22000000-0000-0000-0000-000000000003}.Debug|Any CPU.ActiveCfg = Debug|Any CPU
		{22000000-0000-0000-0000-000000000003}.Debug|Any CPU.Build.0 = Debug|Any CPU
		{22000000-0000-0000-0000-000000000003}.Release|Any CPU.ActiveCfg = Release|Any CPU
		{22000000-0000-0000-0000-000000000003}.Release|Any CPU.Build.0 = Release|Any CPU
		{22000000-0000-0000-0000-000000000004}.Debug|Any CPU.ActiveCfg = Debug|Any CPU
		{22000000-0000-0000-0000-000000000004}.Debug|Any CPU.Build.0 = Debug|Any CPU
		{22000000-0000-0000-0000-000000000004}.Release|Any CPU.ActiveCfg = Release|Any CPU
		{22000000-0000-0000-0000-000000000004}.Release|Any CPU.Build.0 = Release|Any CPU
		{23000000-0000-0000-0000-000000000001}.Debug|Any CPU.ActiveCfg = Debug|Any CPU
		{23000000-0000-0000-0000-000000000001}.Debug|Any CPU.Build.0 = Debug|Any CPU
		{23000000-0000-0000-0000-000000000001}.Release|Any CPU.ActiveCfg = Release|Any CPU
		{23000000-0000-0000-0000-000000000001}.Release|Any CPU.Build.0 = Release|Any CPU
		{23000000-0000-0000-0000-000000000002}.Debug|Any CPU.ActiveCfg = Debug|Any CPU
		{23000000-0000-0000-0000-000000000002}.Debug|Any CPU.Build.0 = Debug|Any CPU
		{23000000-0000-0000-0000-000000000002}.Release|Any CPU.ActiveCfg = Release|Any CPU
		{23000000-0000-0000-0000-000000000002}.Release|Any CPU.Build.0 = Release|Any CPU
		{23000000-0000-0000-0000-000000000003}.Debug|Any CPU.ActiveCfg = Debug|Any CPU
		{23000000-0000-0000-0000-000000000003}.Debug|Any CPU.Build.0 = Debug|Any CPU
		{23000000-0000-0000-0000-000000000003}.Release|Any CPU.ActiveCfg = Release|Any CPU
		{23000000-0000-0000-0000-000000000003}.Release|Any CPU.Build.0 = Release|Any CPU
		{23000000-0000-0000-0000-000000000004}.Debug|Any CPU.ActiveCfg = Debug|Any CPU
		{23000000-0000-0000-0000-000000000004}.Debug|Any CPU.Build.0 = Debug|Any CPU
		{23000000-0000-0000-0000-000000000004}.Release|Any CPU.ActiveCfg = Release|Any CPU
		{23000000-0000-0000-0000-000000000004}.Release|Any CPU.Build.0 = Release|Any CPU
		{24000000-0000-0000-0000-000000000001}.Debug|Any CPU.ActiveCfg = Debug|Any CPU
		{24000000-0000-0000-0000-000000000001}.Debug|Any CPU.Build.0 = Debug|Any CPU
		{24000000-0000-0000-0000-000000000001}.Release|Any CPU.ActiveCfg = Release|Any CPU
		{24000000-0000-0000-0000-000000000001}.Release|Any CPU.Build.0 = Release|Any CPU
		{24000000-0000-0000-0000-000000000002}.Debug|Any CPU.ActiveCfg = Debug|Any CPU
		{24000000-0000-0000-0000-000000000002}.Debug|Any CPU.Build.0 = Debug|Any CPU
		{24000000-0000-0000-0000-000000000002}.Release|Any CPU.ActiveCfg = Release|Any CPU
		{24000000-0000-0000-0000-000000000002}.Release|Any CPU.Build.0 = Release|Any CPU
		{24000000-0000-0000-0000-000000000003}.Debug|Any CPU.ActiveCfg = Debug|Any CPU
		{24000000-0000-0000-0000-000000000003}.Debug|Any CPU.Build.0 = Debug|Any CPU
		{24000000-0000-0000-0000-000000000003}.Release|Any CPU.ActiveCfg = Release|Any CPU
		{24000000-0000-0000-0000-000000000003}.Release|Any CPU.Build.0 = Release|Any CPU
		{24000000-0000-0000-0000-000000000004}.Debug|Any CPU.ActiveCfg = Debug|Any CPU
		{24000000-0000-0000-0000-000000000004}.Debug|Any CPU.Build.0 = Debug|Any CPU
		{24000000-0000-0000-0000-000000000004}.Release|Any CPU.ActiveCfg = Release|Any CPU
		{24000000-0000-0000-0000-000000000004}.Release|Any CPU.Build.0 = Release|Any CPU
		{25000000-0000-0000-0000-000000000001}.Debug|Any CPU.ActiveCfg = Debug|Any CPU
		{25000000-0000-0000-0000-000000000001}.Debug|Any CPU.Build.0 = Debug|Any CPU
		{25000000-0000-0000-0000-000000000001}.Release|Any CPU.ActiveCfg = Release|Any CPU
		{25000000-0000-0000-0000-000000000001}.Release|Any CPU.Build.0 = Release|Any CPU
		{25000000-0000-0000-0000-000000000002}.Debug|Any CPU.ActiveCfg = Debug|Any CPU
		{25000000-0000-0000-0000-000000000002}.Debug|Any CPU.Build.0 = Debug|Any CPU
		{25000000-0000-0000-0000-000000000002}.Release|Any CPU.ActiveCfg = Release|Any CPU
		{25000000-0000-0000-0000-000000000002}.Release|Any CPU.Build.0 = Release|Any CPU
		{25000000-0000-0000-0000-000000000003}.Debug|Any CPU.ActiveCfg = Debug|Any CPU
		{25000000-0000-0000-0000-000000000003}.Debug|Any CPU.Build.0 = Debug|Any CPU
		{25000000-0000-0000-0000-000000000003}.Release|Any CPU.ActiveCfg = Release|Any CPU
		{25000000-0000-0000-0000-000000000003}.Release|Any CPU.Build.0 = Release|Any CPU
		{25000000-0000-0000-0000-000000000004}.Debug|Any CPU.ActiveCfg = Debug|Any CPU
		{25000000-0000-0000-0000-000000000004}.Debug|Any CPU.Build.0 = Debug|Any CPU
		{25000000-0000-0000-0000-000000000004}.Release|Any CPU.ActiveCfg = Release|Any CPU
		{25000000-0000-0000-0000-000000000004}.Release|Any CPU.Build.0 = Release|Any CPU
	EndGlobalSection
	GlobalSection(SolutionProperties) = preSolution
		HideSolutionNode = FALSE
	EndGlobalSection
	GlobalSection(NestedProjects) = preSolution
		{20000000-0000-0000-0000-000000000001} = {10000000-0000-0000-0000-000000000001}
		{20000000-0000-0000-0000-000000000002} = {10000000-0000-0000-0000-000000000001}
		{20000000-0000-0000-0000-000000000003} = {10000000-0000-0000-0000-000000000002}
		{20000000-0000-0000-0000-000000000004} = {10000000-0000-0000-0000-000000000009}
		{10000000-0000-0000-0000-000000000004} = {10000000-0000-0000-0000-000000000003}
		{10000000-0000-0000-0000-000000000005} = {10000000-0000-0000-0000-000000000003}
		{10000000-0000-0000-0000-000000000006} = {10000000-0000-0000-0000-000000000003}
		{10000000-0000-0000-0000-000000000007} = {10000000-0000-0000-0000-000000000003}
		{10000000-0000-0000-0000-000000000008} = {10000000-0000-0000-0000-000000000003}
		{21000000-0000-0000-0000-000000000001} = {10000000-0000-0000-0000-000000000004}
		{21000000-0000-0000-0000-000000000002} = {10000000-0000-0000-0000-000000000004}
		{21000000-0000-0000-0000-000000000003} = {10000000-0000-0000-0000-000000000004}
		{21000000-0000-0000-0000-000000000004} = {10000000-0000-0000-0000-000000000004}
		{22000000-0000-0000-0000-000000000001} = {10000000-0000-0000-0000-000000000005}
		{22000000-0000-0000-0000-000000000002} = {10000000-0000-0000-0000-000000000005}
		{22000000-0000-0000-0000-000000000003} = {10000000-0000-0000-0000-000000000005}
		{22000000-0000-0000-0000-000000000004} = {10000000-0000-0000-0000-000000000005}
		{23000000-0000-0000-0000-000000000001} = {10000000-0000-0000-0000-000000000006}
		{23000000-0000-0000-0000-000000000002} = {10000000-0000-0000-0000-000000000006}
		{23000000-0000-0000-0000-000000000003} = {10000000-0000-0000-0000-000000000006}
		{23000000-0000-0000-0000-000000000004} = {10000000-0000-0000-0000-000000000006}
		{24000000-0000-0000-0000-000000000001} = {10000000-0000-0000-0000-000000000007}
		{24000000-0000-0000-0000-000000000002} = {10000000-0000-0000-0000-000000000007}
		{24000000-0000-0000-0000-000000000003} = {10000000-0000-0000-0000-000000000007}
		{24000000-0000-0000-0000-000000000004} = {10000000-0000-0000-0000-000000000007}
		{25000000-0000-0000-0000-000000000001} = {10000000-0000-0000-0000-000000000008}
		{25000000-0000-0000-0000-000000000002} = {10000000-0000-0000-0000-000000000008}
		{25000000-0000-0000-0000-000000000003} = {10000000-0000-0000-0000-000000000008}
		{25000000-0000-0000-0000-000000000004} = {10000000-0000-0000-0000-000000000008}
	EndGlobalSection
EndGlobal
